// !$*UTF8*$!
{
	archiveVersion = 1;
	classes = {
	};
	objectVersion = 55;
	objects = {

/* Begin PBXBuildFile section */
		B528B95728B49A29003276C1 /* CryptoAppApp.swift in Sources */ = {isa = PBXBuildFile; fileRef = B528B95628B49A29003276C1 /* CryptoAppApp.swift */; };
		B528B95928B49A29003276C1 /* ContentView.swift in Sources */ = {isa = PBXBuildFile; fileRef = B528B95828B49A29003276C1 /* ContentView.swift */; };
		B528B95B28B49A2A003276C1 /* Assets.xcassets in Resources */ = {isa = PBXBuildFile; fileRef = B528B95A28B49A2A003276C1 /* Assets.xcassets */; };
		B528B95E28B49A2A003276C1 /* Preview Assets.xcassets in Resources */ = {isa = PBXBuildFile; fileRef = B528B95D28B49A2A003276C1 /* Preview Assets.xcassets */; };
		B528B96828B49E9F003276C1 /* Color.swift in Sources */ = {isa = PBXBuildFile; fileRef = B528B96728B49E9F003276C1 /* Color.swift */; };
		B528B96E28B4A3A7003276C1 /* HomeView.swift in Sources */ = {isa = PBXBuildFile; fileRef = B528B96D28B4A3A7003276C1 /* HomeView.swift */; };
		B528B97228B4A6AF003276C1 /* CircleButtonView.swift in Sources */ = {isa = PBXBuildFile; fileRef = B528B97128B4A6AF003276C1 /* CircleButtonView.swift */; };
		B528B97428B4ADD1003276C1 /* CircleButtonAnimationView.swift in Sources */ = {isa = PBXBuildFile; fileRef = B528B97328B4ADD1003276C1 /* CircleButtonAnimationView.swift */; };
		B528B97728B4B5DE003276C1 /* CoinModel.swift in Sources */ = {isa = PBXBuildFile; fileRef = B528B97628B4B5DE003276C1 /* CoinModel.swift */; };
		B528B97928B4C807003276C1 /* CoinRowView.swift in Sources */ = {isa = PBXBuildFile; fileRef = B528B97828B4C807003276C1 /* CoinRowView.swift */; };
		B528B97B28B4C879003276C1 /* PriviewProvider.swift in Sources */ = {isa = PBXBuildFile; fileRef = B528B97A28B4C879003276C1 /* PriviewProvider.swift */; };
		B528B97D28B4CF96003276C1 /* Double.swift in Sources */ = {isa = PBXBuildFile; fileRef = B528B97C28B4CF96003276C1 /* Double.swift */; };
		B53178B128BC7EF500E06388 /* DetailView.swift in Sources */ = {isa = PBXBuildFile; fileRef = B53178B028BC7EF500E06388 /* DetailView.swift */; };
		B53178B328BC8E7D00E06388 /* CoinDetailModel.swift in Sources */ = {isa = PBXBuildFile; fileRef = B53178B228BC8E7D00E06388 /* CoinDetailModel.swift */; };
		B53178B528BC920000E06388 /* DetailViewModel.swift in Sources */ = {isa = PBXBuildFile; fileRef = B53178B428BC920000E06388 /* DetailViewModel.swift */; };
		B53178B728BC925200E06388 /* CoinDetailDataService.swift in Sources */ = {isa = PBXBuildFile; fileRef = B53178B628BC925200E06388 /* CoinDetailDataService.swift */; };
		B53178B928BCCC6200E06388 /* ChartView.swift in Sources */ = {isa = PBXBuildFile; fileRef = B53178B828BCCC6200E06388 /* ChartView.swift */; };
		B53178BB28BCD78700E06388 /* Date.swift in Sources */ = {isa = PBXBuildFile; fileRef = B53178BA28BCD78700E06388 /* Date.swift */; };
		B590FF4328B5D87900EF2D04 /* HomeViewModel.swift in Sources */ = {isa = PBXBuildFile; fileRef = B590FF4228B5D87900EF2D04 /* HomeViewModel.swift */; };
		B590FF4628B5E5E000EF2D04 /* CoinNetworkManager.swift in Sources */ = {isa = PBXBuildFile; fileRef = B590FF4528B5E5E000EF2D04 /* CoinNetworkManager.swift */; };
		B590FF4828B5F36D00EF2D04 /* NetworkManager.swift in Sources */ = {isa = PBXBuildFile; fileRef = B590FF4728B5F36D00EF2D04 /* NetworkManager.swift */; };
		B590FF4B28B5FD8A00EF2D04 /* CoinImageView.swift in Sources */ = {isa = PBXBuildFile; fileRef = B590FF4A28B5FD8900EF2D04 /* CoinImageView.swift */; };
		B590FF4D28B5FFE100EF2D04 /* CoinNetworkImage.swift in Sources */ = {isa = PBXBuildFile; fileRef = B590FF4C28B5FFE100EF2D04 /* CoinNetworkImage.swift */; };
		B590FF4F28B6026E00EF2D04 /* CoinImageViewModel.swift in Sources */ = {isa = PBXBuildFile; fileRef = B590FF4E28B6026E00EF2D04 /* CoinImageViewModel.swift */; };
		B590FF5228B63A8500EF2D04 /* CryptoURL.swift in Sources */ = {isa = PBXBuildFile; fileRef = B590FF5128B63A8500EF2D04 /* CryptoURL.swift */; };
		B599C9A128B733DF00EB5A4A /* LocalFileManager.swift in Sources */ = {isa = PBXBuildFile; fileRef = B599C9A028B733DF00EB5A4A /* LocalFileManager.swift */; };
		B599C9A428B7465100EB5A4A /* SearchBarView.swift in Sources */ = {isa = PBXBuildFile; fileRef = B599C9A328B7465100EB5A4A /* SearchBarView.swift */; };
		B599C9A628B74DE400EB5A4A /* UIApplication.swift in Sources */ = {isa = PBXBuildFile; fileRef = B599C9A528B74DE400EB5A4A /* UIApplication.swift */; };
		B599C9A828B76B3B00EB5A4A /* StatisticModel.swift in Sources */ = {isa = PBXBuildFile; fileRef = B599C9A728B76B3B00EB5A4A /* StatisticModel.swift */; };
		B599C9AA28B76E5300EB5A4A /* StatisticView.swift in Sources */ = {isa = PBXBuildFile; fileRef = B599C9A928B76E5300EB5A4A /* StatisticView.swift */; };
		B599C9AC28B7743500EB5A4A /* HomeStatisticView.swift in Sources */ = {isa = PBXBuildFile; fileRef = B599C9AB28B7743500EB5A4A /* HomeStatisticView.swift */; };
		B5C62D5228B9F8D000C648BD /* HapticManager.swift in Sources */ = {isa = PBXBuildFile; fileRef = B5C62D5128B9F8D000C648BD /* HapticManager.swift */; };
		B5D6D06B28B9D56E00368F82 /* PortfolioContainer.xcdatamodeld in Sources */ = {isa = PBXBuildFile; fileRef = B5D6D06928B9D56E00368F82 /* PortfolioContainer.xcdatamodeld */; };
		B5D6D06D28B9D64300368F82 /* PortfolioDateService.swift in Sources */ = {isa = PBXBuildFile; fileRef = B5D6D06C28B9D64300368F82 /* PortfolioDateService.swift */; };
		B5E4D97A28B8BFE70003375A /* MarketDataModel.swift in Sources */ = {isa = PBXBuildFile; fileRef = B5E4D97928B8BFE70003375A /* MarketDataModel.swift */; };
		B5E4D97C28B8C2990003375A /* MarketDataService.swift in Sources */ = {isa = PBXBuildFile; fileRef = B5E4D97B28B8C2990003375A /* MarketDataService.swift */; };
		B5E4D97E28B8C96F0003375A /* PortfolioView.swift in Sources */ = {isa = PBXBuildFile; fileRef = B5E4D97D28B8C96F0003375A /* PortfolioView.swift */; };
		B5E4D98028B8CB4A0003375A /* XMarksButton.swift in Sources */ = {isa = PBXBuildFile; fileRef = B5E4D97F28B8CB4A0003375A /* XMarksButton.swift */; };
		B5E4D98228B8CDAC0003375A /* CoinLogoView.swift in Sources */ = {isa = PBXBuildFile; fileRef = B5E4D98128B8CDAC0003375A /* CoinLogoView.swift */; };
/* End PBXBuildFile section */

/* Begin PBXFileReference section */
		B528B95328B49A29003276C1 /* CryptoApp.app */ = {isa = PBXFileReference; explicitFileType = wrapper.application; includeInIndex = 0; path = CryptoApp.app; sourceTree = BUILT_PRODUCTS_DIR; };
		B528B95628B49A29003276C1 /* CryptoAppApp.swift */ = {isa = PBXFileReference; lastKnownFileType = sourcecode.swift; path = CryptoAppApp.swift; sourceTree = "<group>"; };
		B528B95828B49A29003276C1 /* ContentView.swift */ = {isa = PBXFileReference; lastKnownFileType = sourcecode.swift; path = ContentView.swift; sourceTree = "<group>"; };
		B528B95A28B49A2A003276C1 /* Assets.xcassets */ = {isa = PBXFileReference; lastKnownFileType = folder.assetcatalog; path = Assets.xcassets; sourceTree = "<group>"; };
		B528B95D28B49A2A003276C1 /* Preview Assets.xcassets */ = {isa = PBXFileReference; lastKnownFileType = folder.assetcatalog; path = "Preview Assets.xcassets"; sourceTree = "<group>"; };
		B528B96728B49E9F003276C1 /* Color.swift */ = {isa = PBXFileReference; lastKnownFileType = sourcecode.swift; path = Color.swift; sourceTree = "<group>"; };
		B528B96D28B4A3A7003276C1 /* HomeView.swift */ = {isa = PBXFileReference; lastKnownFileType = sourcecode.swift; path = HomeView.swift; sourceTree = "<group>"; };
		B528B97128B4A6AF003276C1 /* CircleButtonView.swift */ = {isa = PBXFileReference; lastKnownFileType = sourcecode.swift; path = CircleButtonView.swift; sourceTree = "<group>"; };
		B528B97328B4ADD1003276C1 /* CircleButtonAnimationView.swift */ = {isa = PBXFileReference; lastKnownFileType = sourcecode.swift; path = CircleButtonAnimationView.swift; sourceTree = "<group>"; };
		B528B97628B4B5DE003276C1 /* CoinModel.swift */ = {isa = PBXFileReference; lastKnownFileType = sourcecode.swift; path = CoinModel.swift; sourceTree = "<group>"; };
		B528B97828B4C807003276C1 /* CoinRowView.swift */ = {isa = PBXFileReference; lastKnownFileType = sourcecode.swift; path = CoinRowView.swift; sourceTree = "<group>"; };
		B528B97A28B4C879003276C1 /* PriviewProvider.swift */ = {isa = PBXFileReference; lastKnownFileType = sourcecode.swift; path = PriviewProvider.swift; sourceTree = "<group>"; };
		B528B97C28B4CF96003276C1 /* Double.swift */ = {isa = PBXFileReference; lastKnownFileType = sourcecode.swift; path = Double.swift; sourceTree = "<group>"; };
		B53178B028BC7EF500E06388 /* DetailView.swift */ = {isa = PBXFileReference; lastKnownFileType = sourcecode.swift; path = DetailView.swift; sourceTree = "<group>"; };
		B53178B228BC8E7D00E06388 /* CoinDetailModel.swift */ = {isa = PBXFileReference; lastKnownFileType = sourcecode.swift; path = CoinDetailModel.swift; sourceTree = "<group>"; };
		B53178B428BC920000E06388 /* DetailViewModel.swift */ = {isa = PBXFileReference; lastKnownFileType = sourcecode.swift; path = DetailViewModel.swift; sourceTree = "<group>"; };
		B53178B628BC925200E06388 /* CoinDetailDataService.swift */ = {isa = PBXFileReference; lastKnownFileType = sourcecode.swift; path = CoinDetailDataService.swift; sourceTree = "<group>"; };
		B53178B828BCCC6200E06388 /* ChartView.swift */ = {isa = PBXFileReference; lastKnownFileType = sourcecode.swift; path = ChartView.swift; sourceTree = "<group>"; };
		B53178BA28BCD78700E06388 /* Date.swift */ = {isa = PBXFileReference; lastKnownFileType = sourcecode.swift; path = Date.swift; sourceTree = "<group>"; };
		B590FF4228B5D87900EF2D04 /* HomeViewModel.swift */ = {isa = PBXFileReference; lastKnownFileType = sourcecode.swift; path = HomeViewModel.swift; sourceTree = "<group>"; };
		B590FF4528B5E5E000EF2D04 /* CoinNetworkManager.swift */ = {isa = PBXFileReference; lastKnownFileType = sourcecode.swift; path = CoinNetworkManager.swift; sourceTree = "<group>"; };
		B590FF4728B5F36D00EF2D04 /* NetworkManager.swift */ = {isa = PBXFileReference; lastKnownFileType = sourcecode.swift; path = NetworkManager.swift; sourceTree = "<group>"; };
		B590FF4A28B5FD8900EF2D04 /* CoinImageView.swift */ = {isa = PBXFileReference; lastKnownFileType = sourcecode.swift; path = CoinImageView.swift; sourceTree = "<group>"; };
		B590FF4C28B5FFE100EF2D04 /* CoinNetworkImage.swift */ = {isa = PBXFileReference; lastKnownFileType = sourcecode.swift; path = CoinNetworkImage.swift; sourceTree = "<group>"; };
		B590FF4E28B6026E00EF2D04 /* CoinImageViewModel.swift */ = {isa = PBXFileReference; lastKnownFileType = sourcecode.swift; path = CoinImageViewModel.swift; sourceTree = "<group>"; };
		B590FF5128B63A8500EF2D04 /* CryptoURL.swift */ = {isa = PBXFileReference; lastKnownFileType = sourcecode.swift; path = CryptoURL.swift; sourceTree = "<group>"; };
		B599C9A028B733DF00EB5A4A /* LocalFileManager.swift */ = {isa = PBXFileReference; lastKnownFileType = sourcecode.swift; path = LocalFileManager.swift; sourceTree = "<group>"; };
		B599C9A328B7465100EB5A4A /* SearchBarView.swift */ = {isa = PBXFileReference; lastKnownFileType = sourcecode.swift; path = SearchBarView.swift; sourceTree = "<group>"; };
		B599C9A528B74DE400EB5A4A /* UIApplication.swift */ = {isa = PBXFileReference; lastKnownFileType = sourcecode.swift; path = UIApplication.swift; sourceTree = "<group>"; };
		B599C9A728B76B3B00EB5A4A /* StatisticModel.swift */ = {isa = PBXFileReference; lastKnownFileType = sourcecode.swift; path = StatisticModel.swift; sourceTree = "<group>"; };
		B599C9A928B76E5300EB5A4A /* StatisticView.swift */ = {isa = PBXFileReference; lastKnownFileType = sourcecode.swift; path = StatisticView.swift; sourceTree = "<group>"; };
		B599C9AB28B7743500EB5A4A /* HomeStatisticView.swift */ = {isa = PBXFileReference; lastKnownFileType = sourcecode.swift; path = HomeStatisticView.swift; sourceTree = "<group>"; };
		B5C62D5128B9F8D000C648BD /* HapticManager.swift */ = {isa = PBXFileReference; lastKnownFileType = sourcecode.swift; path = HapticManager.swift; sourceTree = "<group>"; };
		B5D6D06A28B9D56E00368F82 /* PortfolioContainer.xcdatamodel */ = {isa = PBXFileReference; lastKnownFileType = wrapper.xcdatamodel; path = PortfolioContainer.xcdatamodel; sourceTree = "<group>"; };
		B5D6D06C28B9D64300368F82 /* PortfolioDateService.swift */ = {isa = PBXFileReference; lastKnownFileType = sourcecode.swift; path = PortfolioDateService.swift; sourceTree = "<group>"; };
		B5E4D97928B8BFE70003375A /* MarketDataModel.swift */ = {isa = PBXFileReference; lastKnownFileType = sourcecode.swift; path = MarketDataModel.swift; sourceTree = "<group>"; };
		B5E4D97B28B8C2990003375A /* MarketDataService.swift */ = {isa = PBXFileReference; lastKnownFileType = sourcecode.swift; path = MarketDataService.swift; sourceTree = "<group>"; };
		B5E4D97D28B8C96F0003375A /* PortfolioView.swift */ = {isa = PBXFileReference; lastKnownFileType = sourcecode.swift; path = PortfolioView.swift; sourceTree = "<group>"; };
		B5E4D97F28B8CB4A0003375A /* XMarksButton.swift */ = {isa = PBXFileReference; lastKnownFileType = sourcecode.swift; path = XMarksButton.swift; sourceTree = "<group>"; };
		B5E4D98128B8CDAC0003375A /* CoinLogoView.swift */ = {isa = PBXFileReference; lastKnownFileType = sourcecode.swift; path = CoinLogoView.swift; sourceTree = "<group>"; };
/* End PBXFileReference section */

/* Begin PBXFrameworksBuildPhase section */
		B528B95028B49A29003276C1 /* Frameworks */ = {
			isa = PBXFrameworksBuildPhase;
			buildActionMask = 2147483647;
			files = (
			);
			runOnlyForDeploymentPostprocessing = 0;
		};
/* End PBXFrameworksBuildPhase section */

/* Begin PBXGroup section */
		B528B94A28B49A29003276C1 = {
			isa = PBXGroup;
			children = (
				B528B95528B49A29003276C1 /* CryptoApp */,
				B528B95428B49A29003276C1 /* Products */,
			);
			sourceTree = "<group>";
		};
		B528B95428B49A29003276C1 /* Products */ = {
			isa = PBXGroup;
			children = (
				B528B95328B49A29003276C1 /* CryptoApp.app */,
			);
			name = Products;
			sourceTree = "<group>";
		};
		B528B95528B49A29003276C1 /* CryptoApp */ = {
			isa = PBXGroup;
			children = (
				B599C9A228B73FD700EB5A4A /* FileManagerData */,
				B590FF4428B5E56B00EF2D04 /* Services */,
				B528B97528B4B5C6003276C1 /* Models */,
				B528B96928B4A349003276C1 /* Core */,
				B528B95628B49A29003276C1 /* CryptoAppApp.swift */,
				B528B95828B49A29003276C1 /* ContentView.swift */,
				B528B95A28B49A2A003276C1 /* Assets.xcassets */,
				B528B96628B49E77003276C1 /* Extensions */,
				B528B95C28B49A2A003276C1 /* Preview Content */,
			);
			path = CryptoApp;
			sourceTree = "<group>";
		};
		B528B95C28B49A2A003276C1 /* Preview Content */ = {
			isa = PBXGroup;
			children = (
				B528B95D28B49A2A003276C1 /* Preview Assets.xcassets */,
			);
			path = "Preview Content";
			sourceTree = "<group>";
		};
		B528B96628B49E77003276C1 /* Extensions */ = {
			isa = PBXGroup;
			children = (
				B528B96728B49E9F003276C1 /* Color.swift */,
				B528B97A28B4C879003276C1 /* PriviewProvider.swift */,
				B528B97C28B4CF96003276C1 /* Double.swift */,
				B599C9A528B74DE400EB5A4A /* UIApplication.swift */,
				B53178BA28BCD78700E06388 /* Date.swift */,
			);
			path = Extensions;
			sourceTree = "<group>";
		};
		B528B96928B4A349003276C1 /* Core */ = {
			isa = PBXGroup;
			children = (
				B53178AD28BC7E8D00E06388 /* Detail */,
				B528B96F28B4A65E003276C1 /* Components */,
				B528B96A28B4A351003276C1 /* Home */,
			);
			path = Core;
			sourceTree = "<group>";
		};
		B528B96A28B4A351003276C1 /* Home */ = {
			isa = PBXGroup;
			children = (
				B528B96B28B4A368003276C1 /* ViewModels */,
				B528B96C28B4A377003276C1 /* View */,
			);
			path = Home;
			sourceTree = "<group>";
		};
		B528B96B28B4A368003276C1 /* ViewModels */ = {
			isa = PBXGroup;
			children = (
				B590FF4228B5D87900EF2D04 /* HomeViewModel.swift */,
			);
			path = ViewModels;
			sourceTree = "<group>";
		};
		B528B96C28B4A377003276C1 /* View */ = {
			isa = PBXGroup;
			children = (
				B528B96D28B4A3A7003276C1 /* HomeView.swift */,
				B599C9AB28B7743500EB5A4A /* HomeStatisticView.swift */,
				B528B97828B4C807003276C1 /* CoinRowView.swift */,
				B5E4D97D28B8C96F0003375A /* PortfolioView.swift */,
			);
			path = View;
			sourceTree = "<group>";
		};
		B528B96F28B4A65E003276C1 /* Components */ = {
			isa = PBXGroup;
			children = (
				B590FF4928B5FD7200EF2D04 /* CoinImage */,
				B528B97028B4A687003276C1 /* CircleButton */,
				B599C9A328B7465100EB5A4A /* SearchBarView.swift */,
				B599C9A928B76E5300EB5A4A /* StatisticView.swift */,
				B5E4D97F28B8CB4A0003375A /* XMarksButton.swift */,
			);
			path = Components;
			sourceTree = "<group>";
		};
		B528B97028B4A687003276C1 /* CircleButton */ = {
			isa = PBXGroup;
			children = (
				B528B97128B4A6AF003276C1 /* CircleButtonView.swift */,
				B528B97328B4ADD1003276C1 /* CircleButtonAnimationView.swift */,
			);
			path = CircleButton;
			sourceTree = "<group>";
		};
		B528B97528B4B5C6003276C1 /* Models */ = {
			isa = PBXGroup;
			children = (
				B528B97628B4B5DE003276C1 /* CoinModel.swift */,
				B53178B228BC8E7D00E06388 /* CoinDetailModel.swift */,
				B590FF5128B63A8500EF2D04 /* CryptoURL.swift */,
				B599C9A728B76B3B00EB5A4A /* StatisticModel.swift */,
				B5E4D97928B8BFE70003375A /* MarketDataModel.swift */,
				B5D6D06928B9D56E00368F82 /* PortfolioContainer.xcdatamodeld */,
			);
			path = Models;
			sourceTree = "<group>";
		};
		B53178AD28BC7E8D00E06388 /* Detail */ = {
			isa = PBXGroup;
			children = (
				B53178AF28BC7EBF00E06388 /* ViewModels */,
				B53178AE28BC7EB700E06388 /* View */,
			);
			path = Detail;
			sourceTree = "<group>";
		};
		B53178AE28BC7EB700E06388 /* View */ = {
			isa = PBXGroup;
			children = (
				B53178B028BC7EF500E06388 /* DetailView.swift */,
				B53178B828BCCC6200E06388 /* ChartView.swift */,
			);
			path = View;
			sourceTree = "<group>";
		};
		B53178AF28BC7EBF00E06388 /* ViewModels */ = {
			isa = PBXGroup;
			children = (
				B53178B428BC920000E06388 /* DetailViewModel.swift */,
			);
			path = ViewModels;
			sourceTree = "<group>";
		};
		B590FF4428B5E56B00EF2D04 /* Services */ = {
			isa = PBXGroup;
			children = (
				B590FF4528B5E5E000EF2D04 /* CoinNetworkManager.swift */,
				B53178B628BC925200E06388 /* CoinDetailDataService.swift */,
				B590FF4C28B5FFE100EF2D04 /* CoinNetworkImage.swift */,
				B5D6D06C28B9D64300368F82 /* PortfolioDateService.swift */,
			);
			path = Services;
			sourceTree = "<group>";
		};
		B590FF4928B5FD7200EF2D04 /* CoinImage */ = {
			isa = PBXGroup;
			children = (
				B590FF4E28B6026E00EF2D04 /* CoinImageViewModel.swift */,
				B590FF4A28B5FD8900EF2D04 /* CoinImageView.swift */,
				B5E4D98128B8CDAC0003375A /* CoinLogoView.swift */,
			);
			path = CoinImage;
			sourceTree = "<group>";
		};
		B599C9A228B73FD700EB5A4A /* FileManagerData */ = {
			isa = PBXGroup;
			children = (
				B590FF4728B5F36D00EF2D04 /* NetworkManager.swift */,
				B599C9A028B733DF00EB5A4A /* LocalFileManager.swift */,
				B5E4D97B28B8C2990003375A /* MarketDataService.swift */,
				B5C62D5128B9F8D000C648BD /* HapticManager.swift */,
			);
			path = FileManagerData;
			sourceTree = "<group>";
		};
/* End PBXGroup section */

/* Begin PBXNativeTarget section */
		B528B95228B49A29003276C1 /* CryptoApp */ = {
			isa = PBXNativeTarget;
			buildConfigurationList = B528B96128B49A2A003276C1 /* Build configuration list for PBXNativeTarget "CryptoApp" */;
			buildPhases = (
				B528B94F28B49A29003276C1 /* Sources */,
				B528B95028B49A29003276C1 /* Frameworks */,
				B528B95128B49A29003276C1 /* Resources */,
			);
			buildRules = (
			);
			dependencies = (
			);
			name = CryptoApp;
			productName = CryptoApp;
			productReference = B528B95328B49A29003276C1 /* CryptoApp.app */;
			productType = "com.apple.product-type.application";
		};
/* End PBXNativeTarget section */

/* Begin PBXProject section */
		B528B94B28B49A29003276C1 /* Project object */ = {
			isa = PBXProject;
			attributes = {
				BuildIndependentTargetsInParallel = 1;
				LastSwiftUpdateCheck = 1320;
				LastUpgradeCheck = 1320;
				TargetAttributes = {
					B528B95228B49A29003276C1 = {
						CreatedOnToolsVersion = 13.2.1;
					};
				};
			};
			buildConfigurationList = B528B94E28B49A29003276C1 /* Build configuration list for PBXProject "CryptoApp" */;
			compatibilityVersion = "Xcode 13.0";
			developmentRegion = en;
			hasScannedForEncodings = 0;
			knownRegions = (
				en,
				Base,
			);
			mainGroup = B528B94A28B49A29003276C1;
			productRefGroup = B528B95428B49A29003276C1 /* Products */;
			projectDirPath = "";
			projectRoot = "";
			targets = (
				B528B95228B49A29003276C1 /* CryptoApp */,
			);
		};
/* End PBXProject section */

/* Begin PBXResourcesBuildPhase section */
		B528B95128B49A29003276C1 /* Resources */ = {
			isa = PBXResourcesBuildPhase;
			buildActionMask = 2147483647;
			files = (
				B528B95E28B49A2A003276C1 /* Preview Assets.xcassets in Resources */,
				B528B95B28B49A2A003276C1 /* Assets.xcassets in Resources */,
			);
			runOnlyForDeploymentPostprocessing = 0;
		};
/* End PBXResourcesBuildPhase section */

/* Begin PBXSourcesBuildPhase section */
		B528B94F28B49A29003276C1 /* Sources */ = {
			isa = PBXSourcesBuildPhase;
			buildActionMask = 2147483647;
			files = (
				B528B97928B4C807003276C1 /* CoinRowView.swift in Sources */,
				B599C9A828B76B3B00EB5A4A /* StatisticModel.swift in Sources */,
				B590FF4328B5D87900EF2D04 /* HomeViewModel.swift in Sources */,
				B590FF4D28B5FFE100EF2D04 /* CoinNetworkImage.swift in Sources */,
				B590FF4628B5E5E000EF2D04 /* CoinNetworkManager.swift in Sources */,
				B5E4D97C28B8C2990003375A /* MarketDataService.swift in Sources */,
				B5E4D98228B8CDAC0003375A /* CoinLogoView.swift in Sources */,
				B53178B328BC8E7D00E06388 /* CoinDetailModel.swift in Sources */,
				B590FF4828B5F36D00EF2D04 /* NetworkManager.swift in Sources */,
				B590FF5228B63A8500EF2D04 /* CryptoURL.swift in Sources */,
				B5E4D97A28B8BFE70003375A /* MarketDataModel.swift in Sources */,
				B528B97B28B4C879003276C1 /* PriviewProvider.swift in Sources */,
				B590FF4B28B5FD8A00EF2D04 /* CoinImageView.swift in Sources */,
				B599C9AA28B76E5300EB5A4A /* StatisticView.swift in Sources */,
				B599C9A628B74DE400EB5A4A /* UIApplication.swift in Sources */,
				B528B95928B49A29003276C1 /* ContentView.swift in Sources */,
				B528B96E28B4A3A7003276C1 /* HomeView.swift in Sources */,
				B53178B528BC920000E06388 /* DetailViewModel.swift in Sources */,
				B599C9AC28B7743500EB5A4A /* HomeStatisticView.swift in Sources */,
				B528B95728B49A29003276C1 /* CryptoAppApp.swift in Sources */,
				B599C9A128B733DF00EB5A4A /* LocalFileManager.swift in Sources */,
				B599C9A428B7465100EB5A4A /* SearchBarView.swift in Sources */,
				B5D6D06D28B9D64300368F82 /* PortfolioDateService.swift in Sources */,
				B53178B928BCCC6200E06388 /* ChartView.swift in Sources */,
				B528B97228B4A6AF003276C1 /* CircleButtonView.swift in Sources */,
				B590FF4F28B6026E00EF2D04 /* CoinImageViewModel.swift in Sources */,
				B5D6D06B28B9D56E00368F82 /* PortfolioContainer.xcdatamodeld in Sources */,
				B53178B728BC925200E06388 /* CoinDetailDataService.swift in Sources */,
				B5E4D98028B8CB4A0003375A /* XMarksButton.swift in Sources */,
				B53178B128BC7EF500E06388 /* DetailView.swift in Sources */,
				B528B96828B49E9F003276C1 /* Color.swift in Sources */,
				B53178BB28BCD78700E06388 /* Date.swift in Sources */,
				B528B97428B4ADD1003276C1 /* CircleButtonAnimationView.swift in Sources */,
				B528B97D28B4CF96003276C1 /* Double.swift in Sources */,
				B528B97728B4B5DE003276C1 /* CoinModel.swift in Sources */,
				B5C62D5228B9F8D000C648BD /* HapticManager.swift in Sources */,
				B5E4D97E28B8C96F0003375A /* PortfolioView.swift in Sources */,
			);
			runOnlyForDeploymentPostprocessing = 0;
		};
/* End PBXSourcesBuildPhase section */

/* Begin XCBuildConfiguration section */
		B528B95F28B49A2A003276C1 /* Debug */ = {
			isa = XCBuildConfiguration;
			buildSettings = {
				ALWAYS_SEARCH_USER_PATHS = NO;
				CLANG_ANALYZER_NONNULL = YES;
				CLANG_ANALYZER_NUMBER_OBJECT_CONVERSION = YES_AGGRESSIVE;
				CLANG_CXX_LANGUAGE_STANDARD = "gnu++17";
				CLANG_CXX_LIBRARY = "libc++";
				CLANG_ENABLE_MODULES = YES;
				CLANG_ENABLE_OBJC_ARC = YES;
				CLANG_ENABLE_OBJC_WEAK = YES;
				CLANG_WARN_BLOCK_CAPTURE_AUTORELEASING = YES;
				CLANG_WARN_BOOL_CONVERSION = YES;
				CLANG_WARN_COMMA = YES;
				CLANG_WARN_CONSTANT_CONVERSION = YES;
				CLANG_WARN_DEPRECATED_OBJC_IMPLEMENTATIONS = YES;
				CLANG_WARN_DIRECT_OBJC_ISA_USAGE = YES_ERROR;
				CLANG_WARN_DOCUMENTATION_COMMENTS = YES;
				CLANG_WARN_EMPTY_BODY = YES;
				CLANG_WARN_ENUM_CONVERSION = YES;
				CLANG_WARN_INFINITE_RECURSION = YES;
				CLANG_WARN_INT_CONVERSION = YES;
				CLANG_WARN_NON_LITERAL_NULL_CONVERSION = YES;
				CLANG_WARN_OBJC_IMPLICIT_RETAIN_SELF = YES;
				CLANG_WARN_OBJC_LITERAL_CONVERSION = YES;
				CLANG_WARN_OBJC_ROOT_CLASS = YES_ERROR;
				CLANG_WARN_QUOTED_INCLUDE_IN_FRAMEWORK_HEADER = YES;
				CLANG_WARN_RANGE_LOOP_ANALYSIS = YES;
				CLANG_WARN_STRICT_PROTOTYPES = YES;
				CLANG_WARN_SUSPICIOUS_MOVE = YES;
				CLANG_WARN_UNGUARDED_AVAILABILITY = YES_AGGRESSIVE;
				CLANG_WARN_UNREACHABLE_CODE = YES;
				CLANG_WARN__DUPLICATE_METHOD_MATCH = YES;
				COPY_PHASE_STRIP = NO;
				DEBUG_INFORMATION_FORMAT = dwarf;
				ENABLE_STRICT_OBJC_MSGSEND = YES;
				ENABLE_TESTABILITY = YES;
				GCC_C_LANGUAGE_STANDARD = gnu11;
				GCC_DYNAMIC_NO_PIC = NO;
				GCC_NO_COMMON_BLOCKS = YES;
				GCC_OPTIMIZATION_LEVEL = 0;
				GCC_PREPROCESSOR_DEFINITIONS = (
					"DEBUG=1",
					"$(inherited)",
				);
				GCC_WARN_64_TO_32_BIT_CONVERSION = YES;
				GCC_WARN_ABOUT_RETURN_TYPE = YES_ERROR;
				GCC_WARN_UNDECLARED_SELECTOR = YES;
				GCC_WARN_UNINITIALIZED_AUTOS = YES_AGGRESSIVE;
				GCC_WARN_UNUSED_FUNCTION = YES;
				GCC_WARN_UNUSED_VARIABLE = YES;
				IPHONEOS_DEPLOYMENT_TARGET = 14.0;
				MTL_ENABLE_DEBUG_INFO = INCLUDE_SOURCE;
				MTL_FAST_MATH = YES;
				ONLY_ACTIVE_ARCH = YES;
				SDKROOT = iphoneos;
				SWIFT_ACTIVE_COMPILATION_CONDITIONS = DEBUG;
				SWIFT_OPTIMIZATION_LEVEL = "-Onone";
			};
			name = Debug;
		};
		B528B96028B49A2A003276C1 /* Release */ = {
			isa = XCBuildConfiguration;
			buildSettings = {
				ALWAYS_SEARCH_USER_PATHS = NO;
				CLANG_ANALYZER_NONNULL = YES;
				CLANG_ANALYZER_NUMBER_OBJECT_CONVERSION = YES_AGGRESSIVE;
				CLANG_CXX_LANGUAGE_STANDARD = "gnu++17";
				CLANG_CXX_LIBRARY = "libc++";
				CLANG_ENABLE_MODULES = YES;
				CLANG_ENABLE_OBJC_ARC = YES;
				CLANG_ENABLE_OBJC_WEAK = YES;
				CLANG_WARN_BLOCK_CAPTURE_AUTORELEASING = YES;
				CLANG_WARN_BOOL_CONVERSION = YES;
				CLANG_WARN_COMMA = YES;
				CLANG_WARN_CONSTANT_CONVERSION = YES;
				CLANG_WARN_DEPRECATED_OBJC_IMPLEMENTATIONS = YES;
				CLANG_WARN_DIRECT_OBJC_ISA_USAGE = YES_ERROR;
				CLANG_WARN_DOCUMENTATION_COMMENTS = YES;
				CLANG_WARN_EMPTY_BODY = YES;
				CLANG_WARN_ENUM_CONVERSION = YES;
				CLANG_WARN_INFINITE_RECURSION = YES;
				CLANG_WARN_INT_CONVERSION = YES;
				CLANG_WARN_NON_LITERAL_NULL_CONVERSION = YES;
				CLANG_WARN_OBJC_IMPLICIT_RETAIN_SELF = YES;
				CLANG_WARN_OBJC_LITERAL_CONVERSION = YES;
				CLANG_WARN_OBJC_ROOT_CLASS = YES_ERROR;
				CLANG_WARN_QUOTED_INCLUDE_IN_FRAMEWORK_HEADER = YES;
				CLANG_WARN_RANGE_LOOP_ANALYSIS = YES;
				CLANG_WARN_STRICT_PROTOTYPES = YES;
				CLANG_WARN_SUSPICIOUS_MOVE = YES;
				CLANG_WARN_UNGUARDED_AVAILABILITY = YES_AGGRESSIVE;
				CLANG_WARN_UNREACHABLE_CODE = YES;
				CLANG_WARN__DUPLICATE_METHOD_MATCH = YES;
				COPY_PHASE_STRIP = NO;
				DEBUG_INFORMATION_FORMAT = "dwarf-with-dsym";
				ENABLE_NS_ASSERTIONS = NO;
				ENABLE_STRICT_OBJC_MSGSEND = YES;
				GCC_C_LANGUAGE_STANDARD = gnu11;
				GCC_NO_COMMON_BLOCKS = YES;
				GCC_WARN_64_TO_32_BIT_CONVERSION = YES;
				GCC_WARN_ABOUT_RETURN_TYPE = YES_ERROR;
				GCC_WARN_UNDECLARED_SELECTOR = YES;
				GCC_WARN_UNINITIALIZED_AUTOS = YES_AGGRESSIVE;
				GCC_WARN_UNUSED_FUNCTION = YES;
				GCC_WARN_UNUSED_VARIABLE = YES;
				IPHONEOS_DEPLOYMENT_TARGET = 14.0;
				MTL_ENABLE_DEBUG_INFO = NO;
				MTL_FAST_MATH = YES;
				SDKROOT = iphoneos;
				SWIFT_COMPILATION_MODE = wholemodule;
				SWIFT_OPTIMIZATION_LEVEL = "-O";
				VALIDATE_PRODUCT = YES;
			};
			name = Release;
		};
		B528B96228B49A2A003276C1 /* Debug */ = {
			isa = XCBuildConfiguration;
			buildSettings = {
				ASSETCATALOG_COMPILER_APPICON_NAME = AppIcon;
				ASSETCATALOG_COMPILER_GLOBAL_ACCENT_COLOR_NAME = AccentColor;
				CODE_SIGN_STYLE = Automatic;
				CURRENT_PROJECT_VERSION = 1;
				DEVELOPMENT_ASSET_PATHS = "\"CryptoApp/Preview Content\"";
				DEVELOPMENT_TEAM = GQU4PC2XPJ;
				ENABLE_PREVIEWS = YES;
				GENERATE_INFOPLIST_FILE = YES;
				INFOPLIST_KEY_UIApplicationSceneManifest_Generation = YES;
				INFOPLIST_KEY_UIApplicationSupportsIndirectInputEvents = YES;
				INFOPLIST_KEY_UILaunchScreen_Generation = YES;
				INFOPLIST_KEY_UISupportedInterfaceOrientations = UIInterfaceOrientationPortrait;
				INFOPLIST_KEY_UISupportedInterfaceOrientations_iPad = "UIInterfaceOrientationPortrait UIInterfaceOrientationPortraitUpsideDown UIInterfaceOrientationLandscapeLeft UIInterfaceOrientationLandscapeRight";
				INFOPLIST_KEY_UISupportedInterfaceOrientations_iPhone = "UIInterfaceOrientationPortrait UIInterfaceOrientationLandscapeLeft UIInterfaceOrientationLandscapeRight";
				IPHONEOS_DEPLOYMENT_TARGET = 14.0;
				LD_RUNPATH_SEARCH_PATHS = (
					"$(inherited)",
					"@executable_path/Frameworks",
				);
				MARKETING_VERSION = 1.0;
				PRODUCT_BUNDLE_IDENTIFIER = "Maksim-Ozhgibecov.CryptoApp";
				PRODUCT_NAME = "$(TARGET_NAME)";
				SWIFT_EMIT_LOC_STRINGS = YES;
				SWIFT_VERSION = 5.0;
				TARGETED_DEVICE_FAMILY = "1,2";
			};
			name = Debug;
		};
		B528B96328B49A2A003276C1 /* Release */ = {
			isa = XCBuildConfiguration;
			buildSettings = {
				ASSETCATALOG_COMPILER_APPICON_NAME = AppIcon;
				ASSETCATALOG_COMPILER_GLOBAL_ACCENT_COLOR_NAME = AccentColor;
				CODE_SIGN_STYLE = Automatic;
				CURRENT_PROJECT_VERSION = 1;
				DEVELOPMENT_ASSET_PATHS = "\"CryptoApp/Preview Content\"";
				DEVELOPMENT_TEAM = GQU4PC2XPJ;
				ENABLE_PREVIEWS = YES;
				GENERATE_INFOPLIST_FILE = YES;
				INFOPLIST_KEY_UIApplicationSceneManifest_Generation = YES;
				INFOPLIST_KEY_UIApplicationSupportsIndirectInputEvents = YES;
				INFOPLIST_KEY_UILaunchScreen_Generation = YES;
				INFOPLIST_KEY_UISupportedInterfaceOrientations = UIInterfaceOrientationPortrait;
				INFOPLIST_KEY_UISupportedInterfaceOrientations_iPad = "UIInterfaceOrientationPortrait UIInterfaceOrientationPortraitUpsideDown UIInterfaceOrientationLandscapeLeft UIInterfaceOrientationLandscapeRight";
				INFOPLIST_KEY_UISupportedInterfaceOrientations_iPhone = "UIInterfaceOrientationPortrait UIInterfaceOrientationLandscapeLeft UIInterfaceOrientationLandscapeRight";
				IPHONEOS_DEPLOYMENT_TARGET = 14.0;
				LD_RUNPATH_SEARCH_PATHS = (
					"$(inherited)",
					"@executable_path/Frameworks",
				);
				MARKETING_VERSION = 1.0;
				PRODUCT_BUNDLE_IDENTIFIER = "Maksim-Ozhgibecov.CryptoApp";
				PRODUCT_NAME = "$(TARGET_NAME)";
				SWIFT_EMIT_LOC_STRINGS = YES;
				SWIFT_VERSION = 5.0;
				TARGETED_DEVICE_FAMILY = "1,2";
			};
			name = Release;
		};
/* End XCBuildConfiguration section */

/* Begin XCConfigurationList section */
		B528B94E28B49A29003276C1 /* Build configuration list for PBXProject "CryptoApp" */ = {
			isa = XCConfigurationList;
			buildConfigurations = (
				B528B95F28B49A2A003276C1 /* Debug */,
				B528B96028B49A2A003276C1 /* Release */,
			);
			defaultConfigurationIsVisible = 0;
			defaultConfigurationName = Release;
		};
		B528B96128B49A2A003276C1 /* Build configuration list for PBXNativeTarget "CryptoApp" */ = {
			isa = XCConfigurationList;
			buildConfigurations = (
				B528B96228B49A2A003276C1 /* Debug */,
				B528B96328B49A2A003276C1 /* Release */,
			);
			defaultConfigurationIsVisible = 0;
			defaultConfigurationName = Release;
		};
/* End XCConfigurationList section */

/* Begin XCVersionGroup section */
		B5D6D06928B9D56E00368F82 /* PortfolioContainer.xcdatamodeld */ = {
			isa = XCVersionGroup;
			children = (
				B5D6D06A28B9D56E00368F82 /* PortfolioContainer.xcdatamodel */,
			);
			currentVersion = B5D6D06A28B9D56E00368F82 /* PortfolioContainer.xcdatamodel */;
			path = PortfolioContainer.xcdatamodeld;
			sourceTree = "<group>";
			versionGroupType = wrapper.xcdatamodel;
		};
/* End XCVersionGroup section */
	};
	rootObject = B528B94B28B49A29003276C1 /* Project object */;
}
